
Microsoft Visual Studio Solution File, Format Version 12.00
# Visual Studio Version 16
VisualStudioVersion = 16.0.30320.27
MinimumVisualStudioVersion = 10.0.40219.1
Project("{9A19103F-16F7-4668-BE54-9A1E7A4F7556}") = "DataIngestion.TestAssignment", "DataIngestion.TestAssignment.csproj", "{81756303-2272-459E-A893-5EF6772282F0}"
EndProject
Project("{FAE04EC0-301F-11D3-BF4B-00C04F79EFBC}") = "DataIngestion.UnitTests", "..\DataIngestion.Tests\DataIngestion.UnitTests.csproj", "{26063340-A9D3-45A8-BF3D-43CBDBF92C91}"
EndProject
Global
	GlobalSection(SolutionConfigurationPlatforms) = preSolution
		Debug|Any CPU = Debug|Any CPU
		Release|Any CPU = Release|Any CPU
	EndGlobalSection
	GlobalSection(ProjectConfigurationPlatforms) = postSolution
		{81756303-2272-459E-A893-5EF6772282F0}.Debug|Any CPU.ActiveCfg = Debug|Any CPU
		{81756303-2272-459E-A893-5EF6772282F0}.Debug|Any CPU.Build.0 = Debug|Any CPU
		{81756303-2272-459E-A893-5EF6772282F0}.Release|Any CPU.ActiveCfg = Release|Any CPU
		{81756303-2272-459E-A893-5EF6772282F0}.Release|Any CPU.Build.0 = Release|Any CPU
		{26063340-A9D3-45A8-BF3D-43CBDBF92C91}.Debug|Any CPU.ActiveCfg = Debug|Any CPU
		{26063340-A9D3-45A8-BF3D-43CBDBF92C91}.Debug|Any CPU.Build.0 = Debug|Any CPU
		{26063340-A9D3-45A8-BF3D-43CBDBF92C91}.Release|Any CPU.ActiveCfg = Release|Any CPU
		{26063340-A9D3-45A8-BF3D-43CBDBF92C91}.Release|Any CPU.Build.0 = Release|Any CPU
	EndGlobalSection
	GlobalSection(SolutionProperties) = preSolution
		HideSolutionNode = FALSE
	EndGlobalSection
	GlobalSection(NestedProjects) = preSolution
	EndGlobalSection
	GlobalSection(ExtensibilityGlobals) = postSolution
		SolutionGuid = {5416B5EF-27BA-4E96-B8FA-4B0110910737}
	EndGlobalSection
	GlobalSection(MonoDevelopProperties) = preSolution
		BaseDirectory = ..
	EndGlobalSection
EndGlobal
